// !$*UTF8*$!
{
	archiveVersion = 1;
	classes = {
	};
	objectVersion = 46;
	objects = {

/* Begin PBXBuildFile section */
		14901CE21E8E2253005B3B2E /* AppDelegate.swift in Sources */ = {isa = PBXBuildFile; fileRef = 14901CE11E8E2253005B3B2E /* AppDelegate.swift */; };
		14901CE41E8E2253005B3B2E /* ViewController.swift in Sources */ = {isa = PBXBuildFile; fileRef = 14901CE31E8E2253005B3B2E /* ViewController.swift */; };
		14901CE71E8E2253005B3B2E /* Main.storyboard in Resources */ = {isa = PBXBuildFile; fileRef = 14901CE51E8E2253005B3B2E /* Main.storyboard */; };
		14901CE91E8E2253005B3B2E /* Assets.xcassets in Resources */ = {isa = PBXBuildFile; fileRef = 14901CE81E8E2253005B3B2E /* Assets.xcassets */; };
		14901CEC1E8E2253005B3B2E /* LaunchScreen.storyboard in Resources */ = {isa = PBXBuildFile; fileRef = 14901CEA1E8E2253005B3B2E /* LaunchScreen.storyboard */; };
		14901CF71E8E2253005B3B2E /* FoodTrackerTests.swift in Sources */ = {isa = PBXBuildFile; fileRef = 14901CF61E8E2253005B3B2E /* FoodTrackerTests.swift */; };
/* End PBXBuildFile section */

/* Begin PBXContainerItemProxy section */
		14901CF31E8E2253005B3B2E /* PBXContainerItemProxy */ = {
			isa = PBXContainerItemProxy;
			containerPortal = 14901CD61E8E2253005B3B2E /* Project object */;
			proxyType = 1;
			remoteGlobalIDString = 14901CDD1E8E2253005B3B2E;
			remoteInfo = FoodTracker;
		};
/* End PBXContainerItemProxy section */

/* Begin PBXFileReference section */
		14901CDE1E8E2253005B3B2E /* FoodTracker.app */ = {isa = PBXFileReference; explicitFileType = wrapper.application; includeInIndex = 0; path = FoodTracker.app; sourceTree = BUILT_PRODUCTS_DIR; };
		14901CE11E8E2253005B3B2E /* AppDelegate.swift */ = {isa = PBXFileReference; lastKnownFileType = sourcecode.swift; path = AppDelegate.swift; sourceTree = "<group>"; };
		14901CE31E8E2253005B3B2E /* ViewController.swift */ = {isa = PBXFileReference; lastKnownFileType = sourcecode.swift; path = ViewController.swift; sourceTree = "<group>"; };
		14901CE61E8E2253005B3B2E /* Base */ = {isa = PBXFileReference; lastKnownFileType = file.storyboard; name = Base; path = Base.lproj/Main.storyboard; sourceTree = "<group>"; };
		14901CE81E8E2253005B3B2E /* Assets.xcassets */ = {isa = PBXFileReference; lastKnownFileType = folder.assetcatalog; path = Assets.xcassets; sourceTree = "<group>"; };
		14901CEB1E8E2253005B3B2E /* Base */ = {isa = PBXFileReference; lastKnownFileType = file.storyboard; name = Base; path = Base.lproj/LaunchScreen.storyboard; sourceTree = "<group>"; };
		14901CED1E8E2253005B3B2E /* Info.plist */ = {isa = PBXFileReference; lastKnownFileType = text.plist.xml; path = Info.plist; sourceTree = "<group>"; };
		14901CF21E8E2253005B3B2E /* FoodTrackerTests.xctest */ = {isa = PBXFileReference; explicitFileType = wrapper.cfbundle; includeInIndex = 0; path = FoodTrackerTests.xctest; sourceTree = BUILT_PRODUCTS_DIR; };
		14901CF61E8E2253005B3B2E /* FoodTrackerTests.swift */ = {isa = PBXFileReference; lastKnownFileType = sourcecode.swift; path = FoodTrackerTests.swift; sourceTree = "<group>"; };
		14901CF81E8E2253005B3B2E /* Info.plist */ = {isa = PBXFileReference; lastKnownFileType = text.plist.xml; path = Info.plist; sourceTree = "<group>"; };
/* End PBXFileReference section */

/* Begin PBXFrameworksBuildPhase section */
		14901CDB1E8E2253005B3B2E /* Frameworks */ = {
			isa = PBXFrameworksBuildPhase;
			buildActionMask = 2147483647;
			files = (
			);
			runOnlyForDeploymentPostprocessing = 0;
		};
		14901CEF1E8E2253005B3B2E /* Frameworks */ = {
			isa = PBXFrameworksBuildPhase;
			buildActionMask = 2147483647;
			files = (
			);
			runOnlyForDeploymentPostprocessing = 0;
		};
/* End PBXFrameworksBuildPhase section */

/* Begin PBXGroup section */
		14901CD51E8E2253005B3B2E = {
			isa = PBXGroup;
			children = (
				14901CE01E8E2253005B3B2E /* FoodTracker */,
				14901CF51E8E2253005B3B2E /* FoodTrackerTests */,
				14901CDF1E8E2253005B3B2E /* Products */,
			);
			sourceTree = "<group>";
		};
		14901CDF1E8E2253005B3B2E /* Products */ = {
			isa = PBXGroup;
			children = (
				14901CDE1E8E2253005B3B2E /* FoodTracker.app */,
				14901CF21E8E2253005B3B2E /* FoodTrackerTests.xctest */,
			);
			name = Products;
			sourceTree = "<group>";
		};
		14901CE01E8E2253005B3B2E /* FoodTracker */ = {
			isa = PBXGroup;
			children = (
				14901CE11E8E2253005B3B2E /* AppDelegate.swift */,
				14901CE31E8E2253005B3B2E /* ViewController.swift */,
				14901CE51E8E2253005B3B2E /* Main.storyboard */,
				14901CE81E8E2253005B3B2E /* Assets.xcassets */,
				14901CEA1E8E2253005B3B2E /* LaunchScreen.storyboard */,
				14901CED1E8E2253005B3B2E /* Info.plist */,
			);
			path = FoodTracker;
			sourceTree = "<group>";
		};
		14901CF51E8E2253005B3B2E /* FoodTrackerTests */ = {
			isa = PBXGroup;
			children = (
				14901CF61E8E2253005B3B2E /* FoodTrackerTests.swift */,
				14901CF81E8E2253005B3B2E /* Info.plist */,
			);
			path = FoodTrackerTests;
			sourceTree = "<group>";
		};
/* End PBXGroup section */

/* Begin PBXNativeTarget section */
		14901CDD1E8E2253005B3B2E /* FoodTracker */ = {
			isa = PBXNativeTarget;
			buildConfigurationList = 14901CFB1E8E2253005B3B2E /* Build configuration list for PBXNativeTarget "FoodTracker" */;
			buildPhases = (
				14901CDA1E8E2253005B3B2E /* Sources */,
				14901CDB1E8E2253005B3B2E /* Frameworks */,
				14901CDC1E8E2253005B3B2E /* Resources */,
			);
			buildRules = (
			);
			dependencies = (
			);
			name = FoodTracker;
			productName = FoodTracker;
			productReference = 14901CDE1E8E2253005B3B2E /* FoodTracker.app */;
			productType = "com.apple.product-type.application";
		};
		14901CF11E8E2253005B3B2E /* FoodTrackerTests */ = {
			isa = PBXNativeTarget;
			buildConfigurationList = 14901CFE1E8E2253005B3B2E /* Build configuration list for PBXNativeTarget "FoodTrackerTests" */;
			buildPhases = (
				14901CEE1E8E2253005B3B2E /* Sources */,
				14901CEF1E8E2253005B3B2E /* Frameworks */,
				14901CF01E8E2253005B3B2E /* Resources */,
			);
			buildRules = (
			);
			dependencies = (
				14901CF41E8E2253005B3B2E /* PBXTargetDependency */,
			);
			name = FoodTrackerTests;
			productName = FoodTrackerTests;
			productReference = 14901CF21E8E2253005B3B2E /* FoodTrackerTests.xctest */;
			productType = "com.apple.product-type.bundle.unit-test";
		};
/* End PBXNativeTarget section */

/* Begin PBXProject section */
		14901CD61E8E2253005B3B2E /* Project object */ = {
			isa = PBXProject;
			attributes = {
				LastSwiftUpdateCheck = 0830;
				LastUpgradeCheck = 0830;
				ORGANIZATIONNAME = "Lyman Digital";
				TargetAttributes = {
					14901CDD1E8E2253005B3B2E = {
						CreatedOnToolsVersion = 8.3;
						ProvisioningStyle = Automatic;
					};
					14901CF11E8E2253005B3B2E = {
						CreatedOnToolsVersion = 8.3;
						ProvisioningStyle = Automatic;
						TestTargetID = 14901CDD1E8E2253005B3B2E;
					};
				};
			};
			buildConfigurationList = 14901CD91E8E2253005B3B2E /* Build configuration list for PBXProject "FoodTracker" */;
			compatibilityVersion = "Xcode 3.2";
			developmentRegion = English;
			hasScannedForEncodings = 0;
			knownRegions = (
				en,
				Base,
			);
			mainGroup = 14901CD51E8E2253005B3B2E;
			productRefGroup = 14901CDF1E8E2253005B3B2E /* Products */;
			projectDirPath = "";
			projectRoot = "";
			targets = (
				14901CDD1E8E2253005B3B2E /* FoodTracker */,
				14901CF11E8E2253005B3B2E /* FoodTrackerTests */,
			);
		};
/* End PBXProject section */

/* Begin PBXResourcesBuildPhase section */
		14901CDC1E8E2253005B3B2E /* Resources */ = {
			isa = PBXResourcesBuildPhase;
			buildActionMask = 2147483647;
			files = (
				14901CEC1E8E2253005B3B2E /* LaunchScreen.storyboard in Resources */,
				14901CE91E8E2253005B3B2E /* Assets.xcassets in Resources */,
				14901CE71E8E2253005B3B2E /* Main.storyboard in Resources */,
			);
			runOnlyForDeploymentPostprocessing = 0;
		};
		14901CF01E8E2253005B3B2E /* Resources */ = {
			isa = PBXResourcesBuildPhase;
			buildActionMask = 2147483647;
			files = (
			);
			runOnlyForDeploymentPostprocessing = 0;
		};
/* End PBXResourcesBuildPhase section */

/* Begin PBXSourcesBuildPhase section */
		14901CDA1E8E2253005B3B2E /* Sources */ = {
			isa = PBXSourcesBuildPhase;
			buildActionMask = 2147483647;
			files = (
				14901CE41E8E2253005B3B2E /* ViewController.swift in Sources */,
				14901CE21E8E2253005B3B2E /* AppDelegate.swift in Sources */,
			);
			runOnlyForDeploymentPostprocessing = 0;
		};
		14901CEE1E8E2253005B3B2E /* Sources */ = {
			isa = PBXSourcesBuildPhase;
			buildActionMask = 2147483647;
			files = (
				14901CF71E8E2253005B3B2E /* FoodTrackerTests.swift in Sources */,
			);
			runOnlyForDeploymentPostprocessing = 0;
		};
/* End PBXSourcesBuildPhase section */

/* Begin PBXTargetDependency section */
		14901CF41E8E2253005B3B2E /* PBXTargetDependency */ = {
			isa = PBXTargetDependency;
			target = 14901CDD1E8E2253005B3B2E /* FoodTracker */;
			targetProxy = 14901CF31E8E2253005B3B2E /* PBXContainerItemProxy */;
		};
/* End PBXTargetDependency section */

/* Begin PBXVariantGroup section */
		14901CE51E8E2253005B3B2E /* Main.storyboard */ = {
			isa = PBXVariantGroup;
			children = (
				14901CE61E8E2253005B3B2E /* Base */,
			);
			name = Main.storyboard;
			sourceTree = "<group>";
		};
		14901CEA1E8E2253005B3B2E /* LaunchScreen.storyboard */ = {
			isa = PBXVariantGroup;
			children = (
				14901CEB1E8E2253005B3B2E /* Base */,
			);
			name = LaunchScreen.storyboard;
			sourceTree = "<group>";
		};
/* End PBXVariantGroup section */

/* Begin XCBuildConfiguration section */
		14901CF91E8E2253005B3B2E /* Debug */ = {
			isa = XCBuildConfiguration;
			buildSettings = {
				ALWAYS_SEARCH_USER_PATHS = NO;
				CLANG_ANALYZER_NONNULL = YES;
				CLANG_ANALYZER_NUMBER_OBJECT_CONVERSION = YES_AGGRESSIVE;
				CLANG_CXX_LANGUAGE_STANDARD = "gnu++0x";
				CLANG_CXX_LIBRARY = "libc++";
				CLANG_ENABLE_MODULES = YES;
				CLANG_ENABLE_OBJC_ARC = YES;
				CLANG_WARN_BOOL_CONVERSION = YES;
				CLANG_WARN_CONSTANT_CONVERSION = YES;
				CLANG_WARN_DIRECT_OBJC_ISA_USAGE = YES_ERROR;
				CLANG_WARN_DOCUMENTATION_COMMENTS = YES;
				CLANG_WARN_EMPTY_BODY = YES;
				CLANG_WARN_ENUM_CONVERSION = YES;
				CLANG_WARN_INFINITE_RECURSION = YES;
				CLANG_WARN_INT_CONVERSION = YES;
				CLANG_WARN_OBJC_ROOT_CLASS = YES_ERROR;
				CLANG_WARN_SUSPICIOUS_MOVE = YES;
				CLANG_WARN_UNREACHABLE_CODE = YES;
				CLANG_WARN__DUPLICATE_METHOD_MATCH = YES;
				"CODE_SIGN_IDENTITY[sdk=iphoneos*]" = "iPhone Developer";
				COPY_PHASE_STRIP = NO;
				DEBUG_INFORMATION_FORMAT = dwarf;
				ENABLE_STRICT_OBJC_MSGSEND = YES;
				ENABLE_TESTABILITY = YES;
				GCC_C_LANGUAGE_STANDARD = gnu99;
				GCC_DYNAMIC_NO_PIC = NO;
				GCC_NO_COMMON_BLOCKS = YES;
				GCC_OPTIMIZATION_LEVEL = 0;
				GCC_PREPROCESSOR_DEFINITIONS = (
					"DEBUG=1",
					"$(inherited)",
				);
				GCC_WARN_64_TO_32_BIT_CONVERSION = YES;
				GCC_WARN_ABOUT_RETURN_TYPE = YES_ERROR;
				GCC_WARN_UNDECLARED_SELECTOR = YES;
				GCC_WARN_UNINITIALIZED_AUTOS = YES_AGGRESSIVE;
				GCC_WARN_UNUSED_FUNCTION = YES;
				GCC_WARN_UNUSED_VARIABLE = YES;
				IPHONEOS_DEPLOYMENT_TARGET = 10.3;
				MTL_ENABLE_DEBUG_INFO = YES;
				ONLY_ACTIVE_ARCH = YES;
				SDKROOT = iphoneos;
				SWIFT_ACTIVE_COMPILATION_CONDITIONS = DEBUG;
				SWIFT_OPTIMIZATION_LEVEL = "-Onone";
				TARGETED_DEVICE_FAMILY = "1,2";
			};
			name = Debug;
		};
		14901CFA1E8E2253005B3B2E /* Release */ = {
			isa = XCBuildConfiguration;
			buildSettings = {
				ALWAYS_SEARCH_USER_PATHS = NO;
				CLANG_ANALYZER_NONNULL = YES;
				CLANG_ANALYZER_NUMBER_OBJECT_CONVERSION = YES_AGGRESSIVE;
				CLANG_CXX_LANGUAGE_STANDARD = "gnu++0x";
				CLANG_CXX_LIBRARY = "libc++";
				CLANG_ENABLE_MODULES = YES;
				CLANG_ENABLE_OBJC_ARC = YES;
				CLANG_WARN_BOOL_CONVERSION = YES;
				CLANG_WARN_CONSTANT_CONVERSION = YES;
				CLANG_WARN_DIRECT_OBJC_ISA_USAGE = YES_ERROR;
				CLANG_WARN_DOCUMENTATION_COMMENTS = YES;
				CLANG_WARN_EMPTY_BODY = YES;
				CLANG_WARN_ENUM_CONVERSION = YES;
				CLANG_WARN_INFINITE_RECURSION = YES;
				CLANG_WARN_INT_CONVERSION = YES;
				CLANG_WARN_OBJC_ROOT_CLASS = YES_ERROR;
				CLANG_WARN_SUSPICIOUS_MOVE = YES;
				CLANG_WARN_UNREACHABLE_CODE = YES;
				CLANG_WARN__DUPLICATE_METHOD_MATCH = YES;
				"CODE_SIGN_IDENTITY[sdk=iphoneos*]" = "iPhone Developer";
				COPY_PHASE_STRIP = NO;
				DEBUG_INFORMATION_FORMAT = "dwarf-with-dsym";
				ENABLE_NS_ASSERTIONS = NO;
				ENABLE_STRICT_OBJC_MSGSEND = YES;
				GCC_C_LANGUAGE_STANDARD = gnu99;
				GCC_NO_COMMON_BLOCKS = YES;
				GCC_WARN_64_TO_32_BIT_CONVERSION = YES;
				GCC_WARN_ABOUT_RETURN_TYPE = YES_ERROR;
				GCC_WARN_UNDECLARED_SELECTOR = YES;
				GCC_WARN_UNINITIALIZED_AUTOS = YES_AGGRESSIVE;
				GCC_WARN_UNUSED_FUNCTION = YES;
				GCC_WARN_UNUSED_VARIABLE = YES;
				IPHONEOS_DEPLOYMENT_TARGET = 10.3;
				MTL_ENABLE_DEBUG_INFO = NO;
				SDKROOT = iphoneos;
				SWIFT_OPTIMIZATION_LEVEL = "-Owholemodule";
				TARGETED_DEVICE_FAMILY = "1,2";
				VALIDATE_PRODUCT = YES;
			};
			name = Release;
		};
		14901CFC1E8E2253005B3B2E /* Debug */ = {
			isa = XCBuildConfiguration;
			buildSettings = {
				ASSETCATALOG_COMPILER_APPICON_NAME = AppIcon;
				INFOPLIST_FILE = FoodTracker/Info.plist;
				LD_RUNPATH_SEARCH_PATHS = "$(inherited) @executable_path/Frameworks";
				PRODUCT_BUNDLE_IDENTIFIER = com.lymandigital.FoodTracker;
				PRODUCT_NAME = "$(TARGET_NAME)";
				SWIFT_VERSION = 3.0;
			};
			name = Debug;
		};
		14901CFD1E8E2253005B3B2E /* Release */ = {
			isa = XCBuildConfiguration;
			buildSettings = {
				ASSETCATALOG_COMPILER_APPICON_NAME = AppIcon;
				INFOPLIST_FILE = FoodTracker/Info.plist;
				LD_RUNPATH_SEARCH_PATHS = "$(inherited) @executable_path/Frameworks";
				PRODUCT_BUNDLE_IDENTIFIER = com.lymandigital.FoodTracker;
				PRODUCT_NAME = "$(TARGET_NAME)";
				SWIFT_VERSION = 3.0;
			};
			name = Release;
		};
		14901CFF1E8E2253005B3B2E /* Debug */ = {
			isa = XCBuildConfiguration;
			buildSettings = {
				ALWAYS_EMBED_SWIFT_STANDARD_LIBRARIES = YES;
				BUNDLE_LOADER = "$(TEST_HOST)";
				INFOPLIST_FILE = FoodTrackerTests/Info.plist;
				LD_RUNPATH_SEARCH_PATHS = "$(inherited) @executable_path/Frameworks @loader_path/Frameworks";
				PRODUCT_BUNDLE_IDENTIFIER = com.lymandigital.FoodTrackerTests;
				PRODUCT_NAME = "$(TARGET_NAME)";
				SWIFT_VERSION = 3.0;
				TEST_HOST = "$(BUILT_PRODUCTS_DIR)/FoodTracker.app/FoodTracker";
			};
			name = Debug;
		};
		14901D001E8E2253005B3B2E /* Release */ = {
			isa = XCBuildConfiguration;
			buildSettings = {
				ALWAYS_EMBED_SWIFT_STANDARD_LIBRARIES = YES;
				BUNDLE_LOADER = "$(TEST_HOST)";
				INFOPLIST_FILE = FoodTrackerTests/Info.plist;
				LD_RUNPATH_SEARCH_PATHS = "$(inherited) @executable_path/Frameworks @loader_path/Frameworks";
				PRODUCT_BUNDLE_IDENTIFIER = com.lymandigital.FoodTrackerTests;
				PRODUCT_NAME = "$(TARGET_NAME)";
				SWIFT_VERSION = 3.0;
				TEST_HOST = "$(BUILT_PRODUCTS_DIR)/FoodTracker.app/FoodTracker";
			};
			name = Release;
		};
/* End XCBuildConfiguration section */

/* Begin XCConfigurationList section */
		14901CD91E8E2253005B3B2E /* Build configuration list for PBXProject "FoodTracker" */ = {
			isa = XCConfigurationList;
			buildConfigurations = (
				14901CF91E8E2253005B3B2E /* Debug */,
				14901CFA1E8E2253005B3B2E /* Release */,
			);
			defaultConfigurationIsVisible = 0;
			defaultConfigurationName = Release;
		};
		14901CFB1E8E2253005B3B2E /* Build configuration list for PBXNativeTarget "FoodTracker" */ = {
			isa = XCConfigurationList;
			buildConfigurations = (
				14901CFC1E8E2253005B3B2E /* Debug */,
				14901CFD1E8E2253005B3B2E /* Release */,
			);
			defaultConfigurationIsVisible = 0;
		};
		14901CFE1E8E2253005B3B2E /* Build configuration list for PBXNativeTarget "FoodTrackerTests" */ = {
			isa = XCConfigurationList;
			buildConfigurations = (
				14901CFF1E8E2253005B3B2E /* Debug */,
				14901D001E8E2253005B3B2E /* Release */,
			);
			defaultConfigurationIsVisible = 0;
		};
/* End XCConfigurationList section */
	};
	rootObject = 14901CD61E8E2253005B3B2E /* Project object */;
}
